
Microsoft Visual Studio Solution File, Format Version 12.00
# Visual Studio Version 17
VisualStudioVersion = 17.0.31919.166
MinimumVisualStudioVersion = 10.0.40219.1
Project("{FAE04EC0-301F-11D3-BF4B-00C04F79EFBC}") = "Backend", "Backend.csproj", "{4453B26B-4A16-441C-B95B-21F2135EC136}"
EndProject
Global
	GlobalSection(SolutionConfigurationPlatforms) = preSolution
		Debug|Any CPU = Debug|Any CPU
		Release|Any CPU = Release|Any CPU
	EndGlobalSection
	GlobalSection(ProjectConfigurationPlatforms) = postSolution
		{4453B26B-4A16-441C-B95B-21F2135EC136}.Debug|Any CPU.ActiveCfg = Debug|Any CPU
		{4453B26B-4A16-441C-B95B-21F2135EC136}.Debug|Any CPU.Build.0 = Debug|Any CPU
		{4453B26B-4A16-441C-B95B-21F2135EC136}.Release|Any CPU.ActiveCfg = Release|Any CPU
		{4453B26B-4A16-441C-B95B-21F2135EC136}.Release|Any CPU.Build.0 = Release|Any CPU
	EndGlobalSection
	GlobalSection(SolutionProperties) = preSolution
		HideSolutionNode = FALSE
	EndGlobalSection
	GlobalSection(ExtensibilityGlobals) = postSolution
		SolutionGuid = {7B3FC807-7F40-49F3-8A3E-D32FCF4D3C37}
	EndGlobalSection
EndGlobal
